
Microsoft Visual Studio Solution File, Format Version 12.00
# Visual Studio Version 17
VisualStudioVersion = 17.8.34408.163
MinimumVisualStudioVersion = 10.0.40219.1
Project("{9A19103F-16F7-4668-BE54-9A1E7A4F7556}") = "Presentation", "Presentation\Presentation.csproj", "{5F8258DF-8505-42C3-9B6C-4DB2D4E3CD43}"
EndProject
Project("{9A19103F-16F7-4668-BE54-9A1E7A4F7556}") = "Domain", "Domain\Domain.csproj", "{714FD1E2-E6DE-4680-9F4D-A61BFDD63A4F}"
EndProject
Project("{9A19103F-16F7-4668-BE54-9A1E7A4F7556}") = "Application", "Application\Application.csproj", "{008F3D3F-5764-4A58-B13B-E3178D0AA45B}"
EndProject
Project("{9A19103F-16F7-4668-BE54-9A1E7A4F7556}") = "Infrustructure", "Infrustructure\Infrustructure.csproj", "{ED7004B9-DD99-4F95-83EF-8814DD727725}"
EndProject
Project("{9A19103F-16F7-4668-BE54-9A1E7A4F7556}") = "Infrustructure.Test", "Infrustructure.Test\Infrustructure.Test.csproj", "{F827A8D9-4752-43FB-9344-D49DE19CF50B}"
EndProject
Project("{9A19103F-16F7-4668-BE54-9A1E7A4F7556}") = "Application.Test", "Application.Test\Application.Test.csproj", "{802ACA46-8BDA-489B-A732-E24EBEAD1FBC}"
EndProject
Project("{9A19103F-16F7-4668-BE54-9A1E7A4F7556}") = "Domain.Test", "Domain.Test\Domain.Test.csproj", "{0F2CA719-4359-46AA-BEF8-F635B14FE707}"
EndProject
Project("{9A19103F-16F7-4668-BE54-9A1E7A4F7556}") = "Presentation.Test", "Presentation.Test\Presentation.Test.csproj", "{7B23A2C3-3D13-453A-9A26-29220CB8740B}"
EndProject
Project("{9A19103F-16F7-4668-BE54-9A1E7A4F7556}") = "Persistence", "Persistance\Persistence.csproj", "{7652351B-44FB-4471-9904-8E0A3DD77214}"
EndProject
Project("{9A19103F-16F7-4668-BE54-9A1E7A4F7556}") = "Persistence.Test", "Persistance.Test\Persistence.Test.csproj", "{F6A11FFC-9808-4D04-9F7B-E46185BCF93C}"
EndProject
Project("{2150E333-8FDC-42A3-9474-1A3956D46DE8}") = "ApplicationLayer", "ApplicationLayer", "{B20D28B7-6D81-4AF7-A492-A40391152FCA}"
EndProject
Project("{2150E333-8FDC-42A3-9474-1A3956D46DE8}") = "DomainLayer", "DomainLayer", "{627B6824-1D75-4E9C-BB0D-E0D8790AA781}"
EndProject
Project("{2150E333-8FDC-42A3-9474-1A3956D46DE8}") = "InfrustructureLayer", "InfrustructureLayer", "{7502D7E9-4D4F-448E-9596-B35E8D7CDC76}"
EndProject
Project("{2150E333-8FDC-42A3-9474-1A3956D46DE8}") = "WebLayer", "WebLayer", "{8ED0B36B-7D25-4E0B-8B60-50CE466A1109}"
EndProject
Global
	GlobalSection(SolutionConfigurationPlatforms) = preSolution
		Debug|Any CPU = Debug|Any CPU
		Release|Any CPU = Release|Any CPU
	EndGlobalSection
	GlobalSection(ProjectConfigurationPlatforms) = postSolution
		{5F8258DF-8505-42C3-9B6C-4DB2D4E3CD43}.Debug|Any CPU.ActiveCfg = Debug|Any CPU
		{5F8258DF-8505-42C3-9B6C-4DB2D4E3CD43}.Debug|Any CPU.Build.0 = Debug|Any CPU
		{5F8258DF-8505-42C3-9B6C-4DB2D4E3CD43}.Release|Any CPU.ActiveCfg = Release|Any CPU
		{5F8258DF-8505-42C3-9B6C-4DB2D4E3CD43}.Release|Any CPU.Build.0 = Release|Any CPU
		{714FD1E2-E6DE-4680-9F4D-A61BFDD63A4F}.Debug|Any CPU.ActiveCfg = Debug|Any CPU
		{714FD1E2-E6DE-4680-9F4D-A61BFDD63A4F}.Debug|Any CPU.Build.0 = Debug|Any CPU
		{714FD1E2-E6DE-4680-9F4D-A61BFDD63A4F}.Release|Any CPU.ActiveCfg = Release|Any CPU
		{714FD1E2-E6DE-4680-9F4D-A61BFDD63A4F}.Release|Any CPU.Build.0 = Release|Any CPU
		{008F3D3F-5764-4A58-B13B-E3178D0AA45B}.Debug|Any CPU.ActiveCfg = Debug|Any CPU
		{008F3D3F-5764-4A58-B13B-E3178D0AA45B}.Debug|Any CPU.Build.0 = Debug|Any CPU
		{008F3D3F-5764-4A58-B13B-E3178D0AA45B}.Release|Any CPU.ActiveCfg = Release|Any CPU
		{008F3D3F-5764-4A58-B13B-E3178D0AA45B}.Release|Any CPU.Build.0 = Release|Any CPU
		{ED7004B9-DD99-4F95-83EF-8814DD727725}.Debug|Any CPU.ActiveCfg = Debug|Any CPU
		{ED7004B9-DD99-4F95-83EF-8814DD727725}.Debug|Any CPU.Build.0 = Debug|Any CPU
		{ED7004B9-DD99-4F95-83EF-8814DD727725}.Release|Any CPU.ActiveCfg = Release|Any CPU
		{ED7004B9-DD99-4F95-83EF-8814DD727725}.Release|Any CPU.Build.0 = Release|Any CPU
		{F827A8D9-4752-43FB-9344-D49DE19CF50B}.Debug|Any CPU.ActiveCfg = Debug|Any CPU
		{F827A8D9-4752-43FB-9344-D49DE19CF50B}.Debug|Any CPU.Build.0 = Debug|Any CPU
		{F827A8D9-4752-43FB-9344-D49DE19CF50B}.Release|Any CPU.ActiveCfg = Release|Any CPU
		{F827A8D9-4752-43FB-9344-D49DE19CF50B}.Release|Any CPU.Build.0 = Release|Any CPU
		{802ACA46-8BDA-489B-A732-E24EBEAD1FBC}.Debug|Any CPU.ActiveCfg = Debug|Any CPU
		{802ACA46-8BDA-489B-A732-E24EBEAD1FBC}.Debug|Any CPU.Build.0 = Debug|Any CPU
		{802ACA46-8BDA-489B-A732-E24EBEAD1FBC}.Release|Any CPU.ActiveCfg = Release|Any CPU
		{802ACA46-8BDA-489B-A732-E24EBEAD1FBC}.Release|Any CPU.Build.0 = Release|Any CPU
		{0F2CA719-4359-46AA-BEF8-F635B14FE707}.Debug|Any CPU.ActiveCfg = Debug|Any CPU
		{0F2CA719-4359-46AA-BEF8-F635B14FE707}.Debug|Any CPU.Build.0 = Debug|Any CPU
		{0F2CA719-4359-46AA-BEF8-F635B14FE707}.Release|Any CPU.ActiveCfg = Release|Any CPU
		{0F2CA719-4359-46AA-BEF8-F635B14FE707}.Release|Any CPU.Build.0 = Release|Any CPU
		{7B23A2C3-3D13-453A-9A26-29220CB8740B}.Debug|Any CPU.ActiveCfg = Debug|Any CPU
		{7B23A2C3-3D13-453A-9A26-29220CB8740B}.Debug|Any CPU.Build.0 = Debug|Any CPU
		{7B23A2C3-3D13-453A-9A26-29220CB8740B}.Release|Any CPU.ActiveCfg = Release|Any CPU
		{7B23A2C3-3D13-453A-9A26-29220CB8740B}.Release|Any CPU.Build.0 = Release|Any CPU
		{7652351B-44FB-4471-9904-8E0A3DD77214}.Debug|Any CPU.ActiveCfg = Debug|Any CPU
		{7652351B-44FB-4471-9904-8E0A3DD77214}.Debug|Any CPU.Build.0 = Debug|Any CPU
		{7652351B-44FB-4471-9904-8E0A3DD77214}.Release|Any CPU.ActiveCfg = Release|Any CPU
		{7652351B-44FB-4471-9904-8E0A3DD77214}.Release|Any CPU.Build.0 = Release|Any CPU
		{F6A11FFC-9808-4D04-9F7B-E46185BCF93C}.Debug|Any CPU.ActiveCfg = Debug|Any CPU
		{F6A11FFC-9808-4D04-9F7B-E46185BCF93C}.Debug|Any CPU.Build.0 = Debug|Any CPU
		{F6A11FFC-9808-4D04-9F7B-E46185BCF93C}.Release|Any CPU.ActiveCfg = Release|Any CPU
		{F6A11FFC-9808-4D04-9F7B-E46185BCF93C}.Release|Any CPU.Build.0 = Release|Any CPU
	EndGlobalSection
	GlobalSection(SolutionProperties) = preSolution
		HideSolutionNode = FALSE
	EndGlobalSection
	GlobalSection(NestedProjects) = preSolution
		{5F8258DF-8505-42C3-9B6C-4DB2D4E3CD43} = {8ED0B36B-7D25-4E0B-8B60-50CE466A1109}
		{714FD1E2-E6DE-4680-9F4D-A61BFDD63A4F} = {627B6824-1D75-4E9C-BB0D-E0D8790AA781}
		{008F3D3F-5764-4A58-B13B-E3178D0AA45B} = {B20D28B7-6D81-4AF7-A492-A40391152FCA}
		{ED7004B9-DD99-4F95-83EF-8814DD727725} = {7502D7E9-4D4F-448E-9596-B35E8D7CDC76}
		{F827A8D9-4752-43FB-9344-D49DE19CF50B} = {7502D7E9-4D4F-448E-9596-B35E8D7CDC76}
		{802ACA46-8BDA-489B-A732-E24EBEAD1FBC} = {B20D28B7-6D81-4AF7-A492-A40391152FCA}
		{0F2CA719-4359-46AA-BEF8-F635B14FE707} = {627B6824-1D75-4E9C-BB0D-E0D8790AA781}
		{7B23A2C3-3D13-453A-9A26-29220CB8740B} = {8ED0B36B-7D25-4E0B-8B60-50CE466A1109}
		{7652351B-44FB-4471-9904-8E0A3DD77214} = {7502D7E9-4D4F-448E-9596-B35E8D7CDC76}
		{F6A11FFC-9808-4D04-9F7B-E46185BCF93C} = {7502D7E9-4D4F-448E-9596-B35E8D7CDC76}
	EndGlobalSection
	GlobalSection(ExtensibilityGlobals) = postSolution
		SolutionGuid = {9198F254-17AC-49E2-BB97-6E9AE6FF7808}
	EndGlobalSection
EndGlobal
